
Microsoft Visual Studio Solution File, Format Version 12.00
# Visual Studio 15
VisualStudioVersion = 15.0.26430.12
MinimumVisualStudioVersion = 10.0.40219.1
Project("{9A19103F-16F7-4668-BE54-9A1E7A4F7556}") = "CQRS.Core", "src\CQRS.Core\CQRS.Core.csproj", "{1AB986EB-9289-447E-96A4-174C38CA9171}"
EndProject
Project("{FAE04EC0-301F-11D3-BF4B-00C04F79EFBC}") = "CQRS.Core.Tests", "tests\CQRS.Core.Tests\CQRS.Core.Tests.csproj", "{F9FC7174-8899-4C26-96D3-15B93A3ED56D}"
	ProjectSection(ProjectDependencies) = postProject
		{1AB986EB-9289-447E-96A4-174C38CA9171} = {1AB986EB-9289-447E-96A4-174C38CA9171}
	EndProjectSection
EndProject
Global
	GlobalSection(SolutionConfigurationPlatforms) = preSolution
		Debug|Any CPU = Debug|Any CPU
		Release|Any CPU = Release|Any CPU
	EndGlobalSection
	GlobalSection(ProjectConfigurationPlatforms) = postSolution
		{1AB986EB-9289-447E-96A4-174C38CA9171}.Debug|Any CPU.ActiveCfg = Debug|Any CPU
		{1AB986EB-9289-447E-96A4-174C38CA9171}.Debug|Any CPU.Build.0 = Debug|Any CPU
		{1AB986EB-9289-447E-96A4-174C38CA9171}.Release|Any CPU.ActiveCfg = Release|Any CPU
		{1AB986EB-9289-447E-96A4-174C38CA9171}.Release|Any CPU.Build.0 = Release|Any CPU
		{F9FC7174-8899-4C26-96D3-15B93A3ED56D}.Debug|Any CPU.ActiveCfg = Debug|Any CPU
		{F9FC7174-8899-4C26-96D3-15B93A3ED56D}.Debug|Any CPU.Build.0 = Debug|Any CPU
		{F9FC7174-8899-4C26-96D3-15B93A3ED56D}.Release|Any CPU.ActiveCfg = Release|Any CPU
		{F9FC7174-8899-4C26-96D3-15B93A3ED56D}.Release|Any CPU.Build.0 = Release|Any CPU
	EndGlobalSection
	GlobalSection(SolutionProperties) = preSolution
		HideSolutionNode = FALSE
	EndGlobalSection
EndGlobal
